
Microsoft Visual Studio Solution File, Format Version 12.00
# Visual Studio Version 17
VisualStudioVersion = 17.13.35825.156
MinimumVisualStudioVersion = 10.0.40219.1
Project("{FAE04EC0-301F-11D3-BF4B-00C04F79EFBC}") = "ABCMoneyTransfer", "ABCMoneyTransfer\ABCMoneyTransfer.csproj", "{15F91C20-A1FF-40BA-AB74-768245738B0B}"
EndProject
Project("{FAE04EC0-301F-11D3-BF4B-00C04F79EFBC}") = "ABC.Core", "ABC.Core\ABC.Core.csproj", "{1C60BD9E-89BC-4AAB-ABBE-63DDF074DC53}"
EndProject
Project("{FAE04EC0-301F-11D3-BF4B-00C04F79EFBC}") = "ABC.Infrastructure", "ABC.Infrastructure\ABC.Infrastructure.csproj", "{8B2FE675-936B-41FC-BAE4-6C8D71EC4D4B}"
EndProject
Project("{FAE04EC0-301F-11D3-BF4B-00C04F79EFBC}") = "ABC.Application", "ABC.DTO\ABC.Application.csproj", "{43467B0F-F934-444B-9D55-5D4E219723EE}"
EndProject
Project("{FAE04EC0-301F-11D3-BF4B-00C04F79EFBC}") = "ABC.API", "ABC.API\ABC.API.csproj", "{299DC24E-9481-4CB4-A801-692507E8BE03}"
EndProject
Global
	GlobalSection(SolutionConfigurationPlatforms) = preSolution
		Debug|Any CPU = Debug|Any CPU
		Release|Any CPU = Release|Any CPU
	EndGlobalSection
	GlobalSection(ProjectConfigurationPlatforms) = postSolution
		{15F91C20-A1FF-40BA-AB74-768245738B0B}.Debug|Any CPU.ActiveCfg = Debug|Any CPU
		{15F91C20-A1FF-40BA-AB74-768245738B0B}.Debug|Any CPU.Build.0 = Debug|Any CPU
		{15F91C20-A1FF-40BA-AB74-768245738B0B}.Release|Any CPU.ActiveCfg = Release|Any CPU
		{15F91C20-A1FF-40BA-AB74-768245738B0B}.Release|Any CPU.Build.0 = Release|Any CPU
		{1C60BD9E-89BC-4AAB-ABBE-63DDF074DC53}.Debug|Any CPU.ActiveCfg = Debug|Any CPU
		{1C60BD9E-89BC-4AAB-ABBE-63DDF074DC53}.Debug|Any CPU.Build.0 = Debug|Any CPU
		{1C60BD9E-89BC-4AAB-ABBE-63DDF074DC53}.Release|Any CPU.ActiveCfg = Release|Any CPU
		{1C60BD9E-89BC-4AAB-ABBE-63DDF074DC53}.Release|Any CPU.Build.0 = Release|Any CPU
		{8B2FE675-936B-41FC-BAE4-6C8D71EC4D4B}.Debug|Any CPU.ActiveCfg = Debug|Any CPU
		{8B2FE675-936B-41FC-BAE4-6C8D71EC4D4B}.Debug|Any CPU.Build.0 = Debug|Any CPU
		{8B2FE675-936B-41FC-BAE4-6C8D71EC4D4B}.Release|Any CPU.ActiveCfg = Release|Any CPU
		{8B2FE675-936B-41FC-BAE4-6C8D71EC4D4B}.Release|Any CPU.Build.0 = Release|Any CPU
		{43467B0F-F934-444B-9D55-5D4E219723EE}.Debug|Any CPU.ActiveCfg = Debug|Any CPU
		{43467B0F-F934-444B-9D55-5D4E219723EE}.Debug|Any CPU.Build.0 = Debug|Any CPU
		{43467B0F-F934-444B-9D55-5D4E219723EE}.Release|Any CPU.ActiveCfg = Release|Any CPU
		{43467B0F-F934-444B-9D55-5D4E219723EE}.Release|Any CPU.Build.0 = Release|Any CPU
		{299DC24E-9481-4CB4-A801-692507E8BE03}.Debug|Any CPU.ActiveCfg = Debug|Any CPU
		{299DC24E-9481-4CB4-A801-692507E8BE03}.Debug|Any CPU.Build.0 = Debug|Any CPU
		{299DC24E-9481-4CB4-A801-692507E8BE03}.Release|Any CPU.ActiveCfg = Release|Any CPU
		{299DC24E-9481-4CB4-A801-692507E8BE03}.Release|Any CPU.Build.0 = Release|Any CPU
	EndGlobalSection
	GlobalSection(SolutionProperties) = preSolution
		HideSolutionNode = FALSE
	EndGlobalSection
	GlobalSection(ExtensibilityGlobals) = postSolution
		SolutionGuid = {BAD9AFEA-7D05-46C7-A98F-6250CA71D116}
	EndGlobalSection
EndGlobal
